{
  "version": 4,
  "terraform_version": "1.9.5",
  "serial": 30,
  "lineage": "3c51505d-a264-e50b-7bdd-c277a7b5a022",
  "outputs": {
    "ec2_controller_instance_ip": {
      "value": "54.180.234.210",
      "type": "string"
    },
    "ec2_worker_instance_ip": {
      "value": [
        [
          "43.203.252.222"
        ],
        [
          "3.38.150.119"
        ]
      ],
      "type": [
        "tuple",
        [
          [
            "tuple",
            [
              "string"
            ]
          ],
          [
            "tuple",
            [
              "string"
            ]
          ]
        ]
      ]
    }
  },
  "resources": [
    {
      "module": "module.ec2_controller",
      "mode": "managed",
      "type": "aws_instance",
      "name": "webserver",
      "provider": "provider[\"registry.terraform.io/hashicorp/aws\"]",
      "instances": [
        {
          "schema_version": 1,
          "attributes": {
            "ami": "ami-056a29f2eddc40520",
            "arn": "arn:aws:ec2:ap-northeast-2:326151034032:instance/i-00291a858f7f4ba8f",
            "associate_public_ip_address": true,
            "availability_zone": "ap-northeast-2a",
            "capacity_reservation_specification": [
              {
                "capacity_reservation_preference": "open",
                "capacity_reservation_target": []
              }
            ],
            "cpu_core_count": 2,
            "cpu_options": [
              {
                "amd_sev_snp": "",
                "core_count": 2,
                "threads_per_core": 1
              }
            ],
            "cpu_threads_per_core": 1,
            "credit_specification": [
              {
                "cpu_credits": "standard"
              }
            ],
            "disable_api_stop": false,
            "disable_api_termination": false,
            "ebs_block_device": [],
            "ebs_optimized": false,
            "enclave_options": [
              {
                "enabled": false
              }
            ],
            "ephemeral_block_device": [],
            "get_password_data": false,
            "hibernation": false,
            "host_id": "",
            "host_resource_group_arn": null,
            "iam_instance_profile": "",
            "id": "i-00291a858f7f4ba8f",
            "instance_initiated_shutdown_behavior": "stop",
            "instance_lifecycle": "",
            "instance_market_options": [],
            "instance_state": "running",
            "instance_type": "t2.medium",
            "ipv6_address_count": 0,
            "ipv6_addresses": [],
            "key_name": "finaltask-shreya",
            "launch_template": [],
            "maintenance_options": [
              {
                "auto_recovery": "default"
              }
            ],
            "metadata_options": [
              {
                "http_endpoint": "enabled",
                "http_protocol_ipv6": "disabled",
                "http_put_response_hop_limit": 1,
                "http_tokens": "optional",
                "instance_metadata_tags": "disabled"
              }
            ],
            "monitoring": false,
            "network_interface": [],
            "outpost_arn": "",
            "password_data": "",
            "placement_group": "",
            "placement_partition_number": 0,
            "primary_network_interface_id": "eni-022a345e7eb9704ef",
            "private_dns": "ip-10-0-1-27.ap-northeast-2.compute.internal",
            "private_dns_name_options": [
              {
                "enable_resource_name_dns_a_record": false,
                "enable_resource_name_dns_aaaa_record": false,
                "hostname_type": "ip-name"
              }
            ],
            "private_ip": "10.0.1.27",
            "public_dns": "",
            "public_ip": "54.180.234.210",
            "root_block_device": [
              {
                "delete_on_termination": true,
                "device_name": "/dev/sda1",
                "encrypted": false,
                "iops": 100,
                "kms_key_id": "",
                "tags": {},
                "tags_all": {},
                "throughput": 0,
                "volume_id": "vol-0896cc4e3c49cd318",
                "volume_size": 20,
                "volume_type": "gp2"
              }
            ],
            "secondary_private_ips": [],
            "security_groups": [],
            "source_dest_check": true,
            "spot_instance_request_id": "",
            "subnet_id": "subnet-016e6748bf3690fa6",
            "tags": {
              "Name": "Controller-Node-shreya",
              "Node": "Master"
            },
            "tags_all": {
              "Name": "Controller-Node-shreya",
              "Node": "Master"
            },
            "tenancy": "default",
            "timeouts": null,
            "user_data": null,
            "user_data_base64": null,
            "user_data_replace_on_change": false,
            "volume_tags": null,
            "vpc_security_group_ids": [
              "sg-07a541c3612716fc5"
            ]
          },
          "sensitive_attributes": [],
          "private": "eyJlMmJmYjczMC1lY2FhLTExZTYtOGY4OC0zNDM2M2JjN2M0YzAiOnsiY3JlYXRlIjo2MDAwMDAwMDAwMDAsImRlbGV0ZSI6MTIwMDAwMDAwMDAwMCwicmVhZCI6OTAwMDAwMDAwMDAwLCJ1cGRhdGUiOjYwMDAwMDAwMDAwMH0sInNjaGVtYV92ZXJzaW9uIjoiMSJ9",
          "dependencies": [
            "module.security_group.aws_security_group.controller_sg",
            "module.vpc.aws_subnet.public_subnet",
            "module.vpc.aws_vpc.shreya_vpc"
          ]
        }
      ]
    },
    {
      "module": "module.ec2_worker[0]",
      "mode": "managed",
      "type": "aws_instance",
      "name": "webserver",
      "provider": "provider[\"registry.terraform.io/hashicorp/aws\"]",
      "instances": [
        {
          "schema_version": 1,
          "attributes": {
            "ami": "ami-056a29f2eddc40520",
            "arn": "arn:aws:ec2:ap-northeast-2:326151034032:instance/i-0909cce07f42eb7fc",
            "associate_public_ip_address": true,
            "availability_zone": "ap-northeast-2a",
            "capacity_reservation_specification": [
              {
                "capacity_reservation_preference": "open",
                "capacity_reservation_target": []
              }
            ],
            "cpu_core_count": 1,
            "cpu_options": [
              {
                "amd_sev_snp": "",
                "core_count": 1,
                "threads_per_core": 1
              }
            ],
            "cpu_threads_per_core": 1,
            "credit_specification": [
              {
                "cpu_credits": "standard"
              }
            ],
            "disable_api_stop": false,
            "disable_api_termination": false,
            "ebs_block_device": [],
            "ebs_optimized": false,
            "enclave_options": [
              {
                "enabled": false
              }
            ],
            "ephemeral_block_device": [],
            "get_password_data": false,
            "hibernation": false,
            "host_id": "",
            "host_resource_group_arn": null,
            "iam_instance_profile": "",
            "id": "i-0909cce07f42eb7fc",
            "instance_initiated_shutdown_behavior": "stop",
            "instance_lifecycle": "",
            "instance_market_options": [],
            "instance_state": "running",
            "instance_type": "t2.micro",
            "ipv6_address_count": 0,
            "ipv6_addresses": [],
            "key_name": "finaltask-shreya",
            "launch_template": [],
            "maintenance_options": [
              {
                "auto_recovery": "default"
              }
            ],
            "metadata_options": [
              {
                "http_endpoint": "enabled",
                "http_protocol_ipv6": "disabled",
                "http_put_response_hop_limit": 1,
                "http_tokens": "optional",
                "instance_metadata_tags": "disabled"
              }
            ],
            "monitoring": false,
            "network_interface": [],
            "outpost_arn": "",
            "password_data": "",
            "placement_group": "",
            "placement_partition_number": 0,
            "primary_network_interface_id": "eni-0fd19bca7078b4d67",
            "private_dns": "ip-10-0-1-167.ap-northeast-2.compute.internal",
            "private_dns_name_options": [
              {
                "enable_resource_name_dns_a_record": false,
                "enable_resource_name_dns_aaaa_record": false,
                "hostname_type": "ip-name"
              }
            ],
            "private_ip": "10.0.1.167",
            "public_dns": "",
            "public_ip": "43.203.252.222",
            "root_block_device": [
              {
                "delete_on_termination": true,
                "device_name": "/dev/sda1",
                "encrypted": false,
                "iops": 100,
                "kms_key_id": "",
                "tags": {},
                "tags_all": {},
                "throughput": 0,
                "volume_id": "vol-09fa451f969102d1c",
                "volume_size": 15,
                "volume_type": "gp2"
              }
            ],
            "secondary_private_ips": [],
            "security_groups": [],
            "source_dest_check": true,
            "spot_instance_request_id": "",
            "subnet_id": "subnet-016e6748bf3690fa6",
            "tags": {
              "Name": "Worker-Node-shreya",
              "Node": "Worker"
            },
            "tags_all": {
              "Name": "Worker-Node-shreya",
              "Node": "Worker"
            },
            "tenancy": "default",
            "timeouts": null,
            "user_data": null,
            "user_data_base64": null,
            "user_data_replace_on_change": false,
            "volume_tags": null,
            "vpc_security_group_ids": [
              "sg-0d818290492ac43e8"
            ]
          },
          "sensitive_attributes": [],
          "private": "eyJlMmJmYjczMC1lY2FhLTExZTYtOGY4OC0zNDM2M2JjN2M0YzAiOnsiY3JlYXRlIjo2MDAwMDAwMDAwMDAsImRlbGV0ZSI6MTIwMDAwMDAwMDAwMCwicmVhZCI6OTAwMDAwMDAwMDAwLCJ1cGRhdGUiOjYwMDAwMDAwMDAwMH0sInNjaGVtYV92ZXJzaW9uIjoiMSJ9",
          "dependencies": [
            "module.security_group.aws_security_group.worker_sg",
            "module.vpc.aws_subnet.public_subnet",
            "module.vpc.aws_vpc.shreya_vpc"
          ]
        }
      ]
    },
    {
      "module": "module.ec2_worker[1]",
      "mode": "managed",
      "type": "aws_instance",
      "name": "webserver",
      "provider": "provider[\"registry.terraform.io/hashicorp/aws\"]",
      "instances": [
        {
          "schema_version": 1,
          "attributes": {
            "ami": "ami-056a29f2eddc40520",
            "arn": "arn:aws:ec2:ap-northeast-2:326151034032:instance/i-0566cd9841b41f615",
            "associate_public_ip_address": true,
            "availability_zone": "ap-northeast-2a",
            "capacity_reservation_specification": [
              {
                "capacity_reservation_preference": "open",
                "capacity_reservation_target": []
              }
            ],
            "cpu_core_count": 1,
            "cpu_options": [
              {
                "amd_sev_snp": "",
                "core_count": 1,
                "threads_per_core": 1
              }
            ],
            "cpu_threads_per_core": 1,
            "credit_specification": [
              {
                "cpu_credits": "standard"
              }
            ],
            "disable_api_stop": false,
            "disable_api_termination": false,
            "ebs_block_device": [],
            "ebs_optimized": false,
            "enclave_options": [
              {
                "enabled": false
              }
            ],
            "ephemeral_block_device": [],
            "get_password_data": false,
            "hibernation": false,
            "host_id": "",
            "host_resource_group_arn": null,
            "iam_instance_profile": "",
            "id": "i-0566cd9841b41f615",
            "instance_initiated_shutdown_behavior": "stop",
            "instance_lifecycle": "",
            "instance_market_options": [],
            "instance_state": "running",
            "instance_type": "t2.micro",
            "ipv6_address_count": 0,
            "ipv6_addresses": [],
            "key_name": "finaltask-shreya",
            "launch_template": [],
            "maintenance_options": [
              {
                "auto_recovery": "default"
              }
            ],
            "metadata_options": [
              {
                "http_endpoint": "enabled",
                "http_protocol_ipv6": "disabled",
                "http_put_response_hop_limit": 1,
                "http_tokens": "optional",
                "instance_metadata_tags": "disabled"
              }
            ],
            "monitoring": false,
            "network_interface": [],
            "outpost_arn": "",
            "password_data": "",
            "placement_group": "",
            "placement_partition_number": 0,
            "primary_network_interface_id": "eni-07eae5d8554be79b5",
            "private_dns": "ip-10-0-1-34.ap-northeast-2.compute.internal",
            "private_dns_name_options": [
              {
                "enable_resource_name_dns_a_record": false,
                "enable_resource_name_dns_aaaa_record": false,
                "hostname_type": "ip-name"
              }
            ],
            "private_ip": "10.0.1.34",
            "public_dns": "",
            "public_ip": "3.38.150.119",
            "root_block_device": [
              {
                "delete_on_termination": true,
                "device_name": "/dev/sda1",
                "encrypted": false,
                "iops": 100,
                "kms_key_id": "",
                "tags": {},
                "tags_all": {},
                "throughput": 0,
                "volume_id": "vol-07c4a5bdf993e6855",
                "volume_size": 15,
                "volume_type": "gp2"
              }
            ],
            "secondary_private_ips": [],
            "security_groups": [],
            "source_dest_check": true,
            "spot_instance_request_id": "",
            "subnet_id": "subnet-016e6748bf3690fa6",
            "tags": {
              "Name": "Worker-Node-shreya",
              "Node": "Worker"
            },
            "tags_all": {
              "Name": "Worker-Node-shreya",
              "Node": "Worker"
            },
            "tenancy": "default",
            "timeouts": null,
            "user_data": null,
            "user_data_base64": null,
            "user_data_replace_on_change": false,
            "volume_tags": null,
            "vpc_security_group_ids": [
              "sg-0d818290492ac43e8"
            ]
          },
          "sensitive_attributes": [],
          "private": "eyJlMmJmYjczMC1lY2FhLTExZTYtOGY4OC0zNDM2M2JjN2M0YzAiOnsiY3JlYXRlIjo2MDAwMDAwMDAwMDAsImRlbGV0ZSI6MTIwMDAwMDAwMDAwMCwicmVhZCI6OTAwMDAwMDAwMDAwLCJ1cGRhdGUiOjYwMDAwMDAwMDAwMH0sInNjaGVtYV92ZXJzaW9uIjoiMSJ9",
          "dependencies": [
            "module.security_group.aws_security_group.worker_sg",
            "module.vpc.aws_subnet.public_subnet",
            "module.vpc.aws_vpc.shreya_vpc"
          ]
        }
      ]
    },
    {
      "module": "module.security_group",
      "mode": "managed",
      "type": "aws_security_group",
      "name": "controller_sg",
      "provider": "provider[\"registry.terraform.io/hashicorp/aws\"]",
      "instances": [
        {
          "schema_version": 1,
          "attributes": {
            "arn": "arn:aws:ec2:ap-northeast-2:326151034032:security-group/sg-07a541c3612716fc5",
            "description": "Managed by Terraform",
            "egress": [
              {
                "cidr_blocks": [
                  "0.0.0.0/0"
                ],
                "description": "",
                "from_port": 0,
                "ipv6_cidr_blocks": [],
                "prefix_list_ids": [],
                "protocol": "-1",
                "security_groups": [],
                "self": false,
                "to_port": 0
              }
            ],
            "id": "sg-07a541c3612716fc5",
            "ingress": [
              {
                "cidr_blocks": [
                  "0.0.0.0/0"
                ],
                "description": "",
                "from_port": 10250,
                "ipv6_cidr_blocks": [],
                "prefix_list_ids": [],
                "protocol": "tcp",
                "security_groups": [],
                "self": false,
                "to_port": 10250
              },
              {
                "cidr_blocks": [
                  "0.0.0.0/0"
                ],
                "description": "",
                "from_port": 10257,
                "ipv6_cidr_blocks": [],
                "prefix_list_ids": [],
                "protocol": "tcp",
                "security_groups": [],
                "self": false,
                "to_port": 10257
              },
              {
                "cidr_blocks": [
                  "0.0.0.0/0"
                ],
                "description": "",
                "from_port": 10259,
                "ipv6_cidr_blocks": [],
                "prefix_list_ids": [],
                "protocol": "tcp",
                "security_groups": [],
                "self": false,
                "to_port": 10259
              },
              {
                "cidr_blocks": [
                  "0.0.0.0/0"
                ],
                "description": "",
                "from_port": 22,
                "ipv6_cidr_blocks": [],
                "prefix_list_ids": [],
                "protocol": "tcp",
                "security_groups": [],
                "self": false,
                "to_port": 22
              },
              {
                "cidr_blocks": [
                  "0.0.0.0/0"
                ],
                "description": "",
                "from_port": 2379,
                "ipv6_cidr_blocks": [],
                "prefix_list_ids": [],
                "protocol": "tcp",
                "security_groups": [],
                "self": false,
                "to_port": 2380
              },
              {
                "cidr_blocks": [
                  "0.0.0.0/0"
                ],
                "description": "",
                "from_port": 443,
                "ipv6_cidr_blocks": [],
                "prefix_list_ids": [],
                "protocol": "tcp",
                "security_groups": [],
                "self": false,
                "to_port": 443
              },
              {
                "cidr_blocks": [
                  "0.0.0.0/0"
                ],
                "description": "",
                "from_port": 6443,
                "ipv6_cidr_blocks": [],
                "prefix_list_ids": [],
                "protocol": "tcp",
                "security_groups": [],
                "self": false,
                "to_port": 6443
              },
              {
                "cidr_blocks": [
                  "0.0.0.0/0"
                ],
                "description": "",
                "from_port": 8080,
                "ipv6_cidr_blocks": [],
                "prefix_list_ids": [],
                "protocol": "tcp",
                "security_groups": [],
                "self": false,
                "to_port": 8080
              },
              {
                "cidr_blocks": [
                  "0.0.0.0/0"
                ],
                "description": "",
                "from_port": 80,
                "ipv6_cidr_blocks": [],
                "prefix_list_ids": [],
                "protocol": "tcp",
                "security_groups": [],
                "self": false,
                "to_port": 80
              }
            ],
            "name": "Controller-sg-20240902122100835600000001",
            "name_prefix": "Controller-sg-",
            "owner_id": "326151034032",
            "revoke_rules_on_delete": false,
            "tags": {
              "Name": "Controller-sg-shreya"
            },
            "tags_all": {
              "Name": "Controller-sg-shreya"
            },
            "timeouts": null,
            "vpc_id": "vpc-09a6571fd3af9c03d"
          },
          "sensitive_attributes": [],
          "private": "eyJlMmJmYjczMC1lY2FhLTExZTYtOGY4OC0zNDM2M2JjN2M0YzAiOnsiY3JlYXRlIjo2MDAwMDAwMDAwMDAsImRlbGV0ZSI6OTAwMDAwMDAwMDAwfSwic2NoZW1hX3ZlcnNpb24iOiIxIn0=",
          "dependencies": [
            "module.vpc.aws_vpc.shreya_vpc"
          ]
        }
      ]
    },
    {
      "module": "module.security_group",
      "mode": "managed",
      "type": "aws_security_group",
      "name": "worker_sg",
      "provider": "provider[\"registry.terraform.io/hashicorp/aws\"]",
      "instances": [
        {
          "schema_version": 1,
          "attributes": {
            "arn": "arn:aws:ec2:ap-northeast-2:326151034032:security-group/sg-0d818290492ac43e8",
            "description": "Managed by Terraform",
            "egress": [
              {
                "cidr_blocks": [
                  "0.0.0.0/0"
                ],
                "description": "",
                "from_port": 0,
                "ipv6_cidr_blocks": [],
                "prefix_list_ids": [],
                "protocol": "-1",
                "security_groups": [],
                "self": false,
                "to_port": 0
              }
            ],
            "id": "sg-0d818290492ac43e8",
            "ingress": [
              {
                "cidr_blocks": [
                  "0.0.0.0/0"
                ],
                "description": "",
                "from_port": 10250,
                "ipv6_cidr_blocks": [],
                "prefix_list_ids": [],
                "protocol": "tcp",
                "security_groups": [],
                "self": false,
                "to_port": 10250
              },
              {
                "cidr_blocks": [
                  "0.0.0.0/0"
                ],
                "description": "",
                "from_port": 22,
                "ipv6_cidr_blocks": [],
                "prefix_list_ids": [],
                "protocol": "tcp",
                "security_groups": [],
                "self": false,
                "to_port": 22
              },
              {
                "cidr_blocks": [
                  "0.0.0.0/0"
                ],
                "description": "",
                "from_port": 30000,
                "ipv6_cidr_blocks": [],
                "prefix_list_ids": [],
                "protocol": "tcp",
                "security_groups": [],
                "self": false,
                "to_port": 32767
              },
              {
                "cidr_blocks": [
                  "0.0.0.0/0"
                ],
                "description": "",
                "from_port": 443,
                "ipv6_cidr_blocks": [],
                "prefix_list_ids": [],
                "protocol": "tcp",
                "security_groups": [],
                "self": false,
                "to_port": 443
              },
              {
                "cidr_blocks": [
                  "0.0.0.0/0"
                ],
                "description": "",
                "from_port": 80,
                "ipv6_cidr_blocks": [],
                "prefix_list_ids": [],
                "protocol": "tcp",
                "security_groups": [],
                "self": false,
                "to_port": 80
              }
            ],
            "name": "Worker-sg-20240902122100835700000002",
            "name_prefix": "Worker-sg-",
            "owner_id": "326151034032",
            "revoke_rules_on_delete": false,
            "tags": {
              "Name": "Worker-sg-shreya"
            },
            "tags_all": {
              "Name": "Worker-sg-shreya"
            },
            "timeouts": null,
            "vpc_id": "vpc-09a6571fd3af9c03d"
          },
          "sensitive_attributes": [],
          "private": "eyJlMmJmYjczMC1lY2FhLTExZTYtOGY4OC0zNDM2M2JjN2M0YzAiOnsiY3JlYXRlIjo2MDAwMDAwMDAwMDAsImRlbGV0ZSI6OTAwMDAwMDAwMDAwfSwic2NoZW1hX3ZlcnNpb24iOiIxIn0=",
          "dependencies": [
            "module.vpc.aws_vpc.shreya_vpc"
          ]
        }
      ]
    },
    {
      "module": "module.security_group",
      "mode": "managed",
      "type": "aws_vpc_security_group_egress_rule",
      "name": "controller_sg_egress",
      "provider": "provider[\"registry.terraform.io/hashicorp/aws\"]",
      "instances": [
        {
          "schema_version": 0,
          "attributes": {
            "arn": "arn:aws:ec2:ap-northeast-2:326151034032:security-group-rule/sgr-0f342a98d6112b506",
            "cidr_ipv4": "0.0.0.0/0",
            "cidr_ipv6": null,
            "description": null,
            "from_port": null,
            "id": "sgr-0f342a98d6112b506",
            "ip_protocol": "-1",
            "prefix_list_id": null,
            "referenced_security_group_id": null,
            "security_group_id": "sg-07a541c3612716fc5",
            "security_group_rule_id": "sgr-0f342a98d6112b506",
            "tags": null,
            "tags_all": {},
            "to_port": null
          },
          "sensitive_attributes": [],
          "dependencies": [
            "module.security_group.aws_security_group.controller_sg",
            "module.vpc.aws_vpc.shreya_vpc"
          ]
        }
      ]
    },
    {
      "module": "module.security_group",
      "mode": "managed",
      "type": "aws_vpc_security_group_egress_rule",
      "name": "worker_sg_egress",
      "provider": "provider[\"registry.terraform.io/hashicorp/aws\"]",
      "instances": [
        {
          "schema_version": 0,
          "attributes": {
            "arn": "arn:aws:ec2:ap-northeast-2:326151034032:security-group-rule/sgr-0b4ba0b16317dcf0c",
            "cidr_ipv4": "0.0.0.0/0",
            "cidr_ipv6": null,
            "description": null,
            "from_port": null,
            "id": "sgr-0b4ba0b16317dcf0c",
            "ip_protocol": "-1",
            "prefix_list_id": null,
            "referenced_security_group_id": null,
            "security_group_id": "sg-0d818290492ac43e8",
            "security_group_rule_id": "sgr-0b4ba0b16317dcf0c",
            "tags": null,
            "tags_all": {},
            "to_port": null
          },
          "sensitive_attributes": [],
          "dependencies": [
            "module.security_group.aws_security_group.worker_sg",
            "module.vpc.aws_vpc.shreya_vpc"
          ]
        }
      ]
    },
    {
      "module": "module.security_group",
      "mode": "managed",
      "type": "aws_vpc_security_group_ingress_rule",
      "name": "controller_sg_ingress",
      "provider": "provider[\"registry.terraform.io/hashicorp/aws\"]",
      "instances": [
        {
          "index_key": 0,
          "schema_version": 0,
          "attributes": {
            "arn": "arn:aws:ec2:ap-northeast-2:326151034032:security-group-rule/sgr-0769d44d28ca5c2c1",
            "cidr_ipv4": "0.0.0.0/0",
            "cidr_ipv6": null,
            "description": null,
            "from_port": 6443,
            "id": "sgr-0769d44d28ca5c2c1",
            "ip_protocol": "tcp",
            "prefix_list_id": null,
            "referenced_security_group_id": null,
            "security_group_id": "sg-07a541c3612716fc5",
            "security_group_rule_id": "sgr-0769d44d28ca5c2c1",
            "tags": null,
            "tags_all": {},
            "to_port": 6443
          },
          "sensitive_attributes": [],
          "dependencies": [
            "module.security_group.aws_security_group.controller_sg",
            "module.vpc.aws_vpc.shreya_vpc"
          ]
        },
        {
          "index_key": 1,
          "schema_version": 0,
          "attributes": {
            "arn": "arn:aws:ec2:ap-northeast-2:326151034032:security-group-rule/sgr-0c2b28a05eeeedc6d",
            "cidr_ipv4": "0.0.0.0/0",
            "cidr_ipv6": null,
            "description": null,
            "from_port": 2379,
            "id": "sgr-0c2b28a05eeeedc6d",
            "ip_protocol": "tcp",
            "prefix_list_id": null,
            "referenced_security_group_id": null,
            "security_group_id": "sg-07a541c3612716fc5",
            "security_group_rule_id": "sgr-0c2b28a05eeeedc6d",
            "tags": null,
            "tags_all": {},
            "to_port": 2380
          },
          "sensitive_attributes": [],
          "dependencies": [
            "module.security_group.aws_security_group.controller_sg",
            "module.vpc.aws_vpc.shreya_vpc"
          ]
        },
        {
          "index_key": 2,
          "schema_version": 0,
          "attributes": {
            "arn": "arn:aws:ec2:ap-northeast-2:326151034032:security-group-rule/sgr-06fd4ddcf32b6e42f",
            "cidr_ipv4": "0.0.0.0/0",
            "cidr_ipv6": null,
            "description": null,
            "from_port": 10250,
            "id": "sgr-06fd4ddcf32b6e42f",
            "ip_protocol": "tcp",
            "prefix_list_id": null,
            "referenced_security_group_id": null,
            "security_group_id": "sg-07a541c3612716fc5",
            "security_group_rule_id": "sgr-06fd4ddcf32b6e42f",
            "tags": null,
            "tags_all": {},
            "to_port": 10250
          },
          "sensitive_attributes": [],
          "dependencies": [
            "module.security_group.aws_security_group.controller_sg",
            "module.vpc.aws_vpc.shreya_vpc"
          ]
        },
        {
          "index_key": 3,
          "schema_version": 0,
          "attributes": {
            "arn": "arn:aws:ec2:ap-northeast-2:326151034032:security-group-rule/sgr-04db737f67e61a201",
            "cidr_ipv4": "0.0.0.0/0",
            "cidr_ipv6": null,
            "description": null,
            "from_port": 10257,
            "id": "sgr-04db737f67e61a201",
            "ip_protocol": "tcp",
            "prefix_list_id": null,
            "referenced_security_group_id": null,
            "security_group_id": "sg-07a541c3612716fc5",
            "security_group_rule_id": "sgr-04db737f67e61a201",
            "tags": null,
            "tags_all": {},
            "to_port": 10257
          },
          "sensitive_attributes": [],
          "dependencies": [
            "module.security_group.aws_security_group.controller_sg",
            "module.vpc.aws_vpc.shreya_vpc"
          ]
        },
        {
          "index_key": 4,
          "schema_version": 0,
          "attributes": {
            "arn": "arn:aws:ec2:ap-northeast-2:326151034032:security-group-rule/sgr-0eadac8e312d15f08",
            "cidr_ipv4": "0.0.0.0/0",
            "cidr_ipv6": null,
            "description": null,
            "from_port": 10259,
            "id": "sgr-0eadac8e312d15f08",
            "ip_protocol": "tcp",
            "prefix_list_id": null,
            "referenced_security_group_id": null,
            "security_group_id": "sg-07a541c3612716fc5",
            "security_group_rule_id": "sgr-0eadac8e312d15f08",
            "tags": null,
            "tags_all": {},
            "to_port": 10259
          },
          "sensitive_attributes": [],
          "dependencies": [
            "module.security_group.aws_security_group.controller_sg",
            "module.vpc.aws_vpc.shreya_vpc"
          ]
        },
        {
          "index_key": 5,
          "schema_version": 0,
          "attributes": {
            "arn": "arn:aws:ec2:ap-northeast-2:326151034032:security-group-rule/sgr-07bc7940acad7df12",
            "cidr_ipv4": "0.0.0.0/0",
            "cidr_ipv6": null,
            "description": null,
            "from_port": 8080,
            "id": "sgr-07bc7940acad7df12",
            "ip_protocol": "tcp",
            "prefix_list_id": null,
            "referenced_security_group_id": null,
            "security_group_id": "sg-07a541c3612716fc5",
            "security_group_rule_id": "sgr-07bc7940acad7df12",
            "tags": null,
            "tags_all": {},
            "to_port": 8080
          },
          "sensitive_attributes": [],
          "dependencies": [
            "module.security_group.aws_security_group.controller_sg",
            "module.vpc.aws_vpc.shreya_vpc"
          ]
        },
        {
          "index_key": 6,
          "schema_version": 0,
          "attributes": {
            "arn": "arn:aws:ec2:ap-northeast-2:326151034032:security-group-rule/sgr-06c5c824878656eda",
            "cidr_ipv4": "0.0.0.0/0",
            "cidr_ipv6": null,
            "description": null,
            "from_port": 22,
            "id": "sgr-06c5c824878656eda",
            "ip_protocol": "tcp",
            "prefix_list_id": null,
            "referenced_security_group_id": null,
            "security_group_id": "sg-07a541c3612716fc5",
            "security_group_rule_id": "sgr-06c5c824878656eda",
            "tags": null,
            "tags_all": {},
            "to_port": 22
          },
          "sensitive_attributes": [],
          "dependencies": [
            "module.security_group.aws_security_group.controller_sg",
            "module.vpc.aws_vpc.shreya_vpc"
          ]
        },
        {
          "index_key": 7,
          "schema_version": 0,
          "attributes": {
            "arn": "arn:aws:ec2:ap-northeast-2:326151034032:security-group-rule/sgr-03ff59d604cf876a6",
            "cidr_ipv4": "0.0.0.0/0",
            "cidr_ipv6": null,
            "description": null,
            "from_port": 443,
            "id": "sgr-03ff59d604cf876a6",
            "ip_protocol": "tcp",
            "prefix_list_id": null,
            "referenced_security_group_id": null,
            "security_group_id": "sg-07a541c3612716fc5",
            "security_group_rule_id": "sgr-03ff59d604cf876a6",
            "tags": null,
            "tags_all": {},
            "to_port": 443
          },
          "sensitive_attributes": [],
          "dependencies": [
            "module.security_group.aws_security_group.controller_sg",
            "module.vpc.aws_vpc.shreya_vpc"
          ]
        },
        {
          "index_key": 8,
          "schema_version": 0,
          "attributes": {
            "arn": "arn:aws:ec2:ap-northeast-2:326151034032:security-group-rule/sgr-063924040f8d7e3d6",
            "cidr_ipv4": "0.0.0.0/0",
            "cidr_ipv6": null,
            "description": null,
            "from_port": 80,
            "id": "sgr-063924040f8d7e3d6",
            "ip_protocol": "tcp",
            "prefix_list_id": null,
            "referenced_security_group_id": null,
            "security_group_id": "sg-07a541c3612716fc5",
            "security_group_rule_id": "sgr-063924040f8d7e3d6",
            "tags": null,
            "tags_all": {},
            "to_port": 80
          },
          "sensitive_attributes": [],
          "dependencies": [
            "module.security_group.aws_security_group.controller_sg",
            "module.vpc.aws_vpc.shreya_vpc"
          ]
        }
      ]
    },
    {
      "module": "module.security_group",
      "mode": "managed",
      "type": "aws_vpc_security_group_ingress_rule",
      "name": "worker_sg_ingress",
      "provider": "provider[\"registry.terraform.io/hashicorp/aws\"]",
      "instances": [
        {
          "index_key": 0,
          "schema_version": 0,
          "attributes": {
            "arn": "arn:aws:ec2:ap-northeast-2:326151034032:security-group-rule/sgr-00bdd693d3b7a3b59",
            "cidr_ipv4": "0.0.0.0/0",
            "cidr_ipv6": null,
            "description": null,
            "from_port": 10250,
            "id": "sgr-00bdd693d3b7a3b59",
            "ip_protocol": "tcp",
            "prefix_list_id": null,
            "referenced_security_group_id": null,
            "security_group_id": "sg-0d818290492ac43e8",
            "security_group_rule_id": "sgr-00bdd693d3b7a3b59",
            "tags": null,
            "tags_all": {},
            "to_port": 10250
          },
          "sensitive_attributes": [],
          "dependencies": [
            "module.security_group.aws_security_group.worker_sg",
            "module.vpc.aws_vpc.shreya_vpc"
          ]
        },
        {
          "index_key": 1,
          "schema_version": 0,
          "attributes": {
            "arn": "arn:aws:ec2:ap-northeast-2:326151034032:security-group-rule/sgr-0242e07ed2a37d202",
            "cidr_ipv4": "0.0.0.0/0",
            "cidr_ipv6": null,
            "description": null,
            "from_port": 30000,
            "id": "sgr-0242e07ed2a37d202",
            "ip_protocol": "tcp",
            "prefix_list_id": null,
            "referenced_security_group_id": null,
            "security_group_id": "sg-0d818290492ac43e8",
            "security_group_rule_id": "sgr-0242e07ed2a37d202",
            "tags": null,
            "tags_all": {},
            "to_port": 32767
          },
          "sensitive_attributes": [],
          "dependencies": [
            "module.security_group.aws_security_group.worker_sg",
            "module.vpc.aws_vpc.shreya_vpc"
          ]
        },
        {
          "index_key": 2,
          "schema_version": 0,
          "attributes": {
            "arn": "arn:aws:ec2:ap-northeast-2:326151034032:security-group-rule/sgr-01a45010966f7e26f",
            "cidr_ipv4": "0.0.0.0/0",
            "cidr_ipv6": null,
            "description": null,
            "from_port": 22,
            "id": "sgr-01a45010966f7e26f",
            "ip_protocol": "tcp",
            "prefix_list_id": null,
            "referenced_security_group_id": null,
            "security_group_id": "sg-0d818290492ac43e8",
            "security_group_rule_id": "sgr-01a45010966f7e26f",
            "tags": null,
            "tags_all": {},
            "to_port": 22
          },
          "sensitive_attributes": [],
          "dependencies": [
            "module.security_group.aws_security_group.worker_sg",
            "module.vpc.aws_vpc.shreya_vpc"
          ]
        },
        {
          "index_key": 3,
          "schema_version": 0,
          "attributes": {
            "arn": "arn:aws:ec2:ap-northeast-2:326151034032:security-group-rule/sgr-068451eb6a295da09",
            "cidr_ipv4": "0.0.0.0/0",
            "cidr_ipv6": null,
            "description": null,
            "from_port": 443,
            "id": "sgr-068451eb6a295da09",
            "ip_protocol": "tcp",
            "prefix_list_id": null,
            "referenced_security_group_id": null,
            "security_group_id": "sg-0d818290492ac43e8",
            "security_group_rule_id": "sgr-068451eb6a295da09",
            "tags": null,
            "tags_all": {},
            "to_port": 443
          },
          "sensitive_attributes": [],
          "dependencies": [
            "module.security_group.aws_security_group.worker_sg",
            "module.vpc.aws_vpc.shreya_vpc"
          ]
        },
        {
          "index_key": 4,
          "schema_version": 0,
          "attributes": {
            "arn": "arn:aws:ec2:ap-northeast-2:326151034032:security-group-rule/sgr-0c5480ea26cdd1d10",
            "cidr_ipv4": "0.0.0.0/0",
            "cidr_ipv6": null,
            "description": null,
            "from_port": 80,
            "id": "sgr-0c5480ea26cdd1d10",
            "ip_protocol": "tcp",
            "prefix_list_id": null,
            "referenced_security_group_id": null,
            "security_group_id": "sg-0d818290492ac43e8",
            "security_group_rule_id": "sgr-0c5480ea26cdd1d10",
            "tags": null,
            "tags_all": {},
            "to_port": 80
          },
          "sensitive_attributes": [],
          "dependencies": [
            "module.security_group.aws_security_group.worker_sg",
            "module.vpc.aws_vpc.shreya_vpc"
          ]
        }
      ]
    },
    {
      "module": "module.vpc",
      "mode": "managed",
      "type": "aws_internet_gateway",
      "name": "my_igw",
      "provider": "provider[\"registry.terraform.io/hashicorp/aws\"]",
      "instances": [
        {
          "schema_version": 0,
          "attributes": {
            "arn": "arn:aws:ec2:ap-northeast-2:326151034032:internet-gateway/igw-017c955eacd1af39b",
            "id": "igw-017c955eacd1af39b",
            "owner_id": "326151034032",
            "tags": {
              "Name": "MyIGW-shreya"
            },
            "tags_all": {
              "Name": "MyIGW-shreya"
            },
            "timeouts": null,
            "vpc_id": "vpc-09a6571fd3af9c03d"
          },
          "sensitive_attributes": [],
          "private": "eyJlMmJmYjczMC1lY2FhLTExZTYtOGY4OC0zNDM2M2JjN2M0YzAiOnsiY3JlYXRlIjoxMjAwMDAwMDAwMDAwLCJkZWxldGUiOjEyMDAwMDAwMDAwMDAsInVwZGF0ZSI6MTIwMDAwMDAwMDAwMH19",
          "dependencies": [
            "module.vpc.aws_vpc.shreya_vpc"
          ]
        }
      ]
    },
    {
      "module": "module.vpc",
      "mode": "managed",
      "type": "aws_route_table",
      "name": "public_rt",
      "provider": "provider[\"registry.terraform.io/hashicorp/aws\"]",
      "instances": [
        {
          "schema_version": 0,
          "attributes": {
            "arn": "arn:aws:ec2:ap-northeast-2:326151034032:route-table/rtb-055ddc97732b55022",
            "id": "rtb-055ddc97732b55022",
            "owner_id": "326151034032",
            "propagating_vgws": [],
            "route": [
              {
                "carrier_gateway_id": "",
                "cidr_block": "0.0.0.0/0",
                "core_network_arn": "",
                "destination_prefix_list_id": "",
                "egress_only_gateway_id": "",
                "gateway_id": "igw-017c955eacd1af39b",
                "ipv6_cidr_block": "",
                "local_gateway_id": "",
                "nat_gateway_id": "",
                "network_interface_id": "",
                "transit_gateway_id": "",
                "vpc_endpoint_id": "",
                "vpc_peering_connection_id": ""
              }
            ],
            "tags": {
              "Name": "Pub-RT-shreya"
            },
            "tags_all": {
              "Name": "Pub-RT-shreya"
            },
            "timeouts": null,
            "vpc_id": "vpc-09a6571fd3af9c03d"
          },
          "sensitive_attributes": [],
          "private": "eyJlMmJmYjczMC1lY2FhLTExZTYtOGY4OC0zNDM2M2JjN2M0YzAiOnsiY3JlYXRlIjozMDAwMDAwMDAwMDAsImRlbGV0ZSI6MzAwMDAwMDAwMDAwLCJ1cGRhdGUiOjEyMDAwMDAwMDAwMH19",
          "dependencies": [
            "module.vpc.aws_internet_gateway.my_igw",
            "module.vpc.aws_vpc.shreya_vpc"
          ]
        }
      ]
    },
    {
      "module": "module.vpc",
      "mode": "managed",
      "type": "aws_route_table_association",
      "name": "public_rt_association",
      "provider": "provider[\"registry.terraform.io/hashicorp/aws\"]",
      "instances": [
        {
          "schema_version": 0,
          "attributes": {
            "gateway_id": "",
            "id": "rtbassoc-0072ae24fca158ac1",
            "route_table_id": "rtb-055ddc97732b55022",
            "subnet_id": "subnet-016e6748bf3690fa6",
            "timeouts": null
          },
          "sensitive_attributes": [],
          "private": "eyJlMmJmYjczMC1lY2FhLTExZTYtOGY4OC0zNDM2M2JjN2M0YzAiOnsiY3JlYXRlIjozMDAwMDAwMDAwMDAsImRlbGV0ZSI6MzAwMDAwMDAwMDAwLCJ1cGRhdGUiOjEyMDAwMDAwMDAwMH19",
          "dependencies": [
            "module.vpc.aws_internet_gateway.my_igw",
            "module.vpc.aws_route_table.public_rt",
            "module.vpc.aws_subnet.public_subnet",
            "module.vpc.aws_vpc.shreya_vpc"
          ]
        }
      ]
    },
    {
      "module": "module.vpc",
      "mode": "managed",
      "type": "aws_subnet",
      "name": "public_subnet",
      "provider": "provider[\"registry.terraform.io/hashicorp/aws\"]",
      "instances": [
        {
          "schema_version": 1,
          "attributes": {
            "arn": "arn:aws:ec2:ap-northeast-2:326151034032:subnet/subnet-016e6748bf3690fa6",
            "assign_ipv6_address_on_creation": false,
            "availability_zone": "ap-northeast-2a",
            "availability_zone_id": "apne2-az1",
            "cidr_block": "10.0.1.0/24",
            "customer_owned_ipv4_pool": "",
            "enable_dns64": false,
            "enable_lni_at_device_index": 0,
            "enable_resource_name_dns_a_record_on_launch": false,
            "enable_resource_name_dns_aaaa_record_on_launch": false,
            "id": "subnet-016e6748bf3690fa6",
            "ipv6_cidr_block": "",
            "ipv6_cidr_block_association_id": "",
            "ipv6_native": false,
            "map_customer_owned_ip_on_launch": false,
            "map_public_ip_on_launch": true,
            "outpost_arn": "",
            "owner_id": "326151034032",
            "private_dns_hostname_type_on_launch": "ip-name",
            "tags": {
              "Name": "pub-sub-shreya"
            },
            "tags_all": {
              "Name": "pub-sub-shreya"
            },
            "timeouts": null,
            "vpc_id": "vpc-09a6571fd3af9c03d"
          },
          "sensitive_attributes": [],
          "private": "eyJlMmJmYjczMC1lY2FhLTExZTYtOGY4OC0zNDM2M2JjN2M0YzAiOnsiY3JlYXRlIjo2MDAwMDAwMDAwMDAsImRlbGV0ZSI6MTIwMDAwMDAwMDAwMH0sInNjaGVtYV92ZXJzaW9uIjoiMSJ9",
          "dependencies": [
            "module.vpc.aws_vpc.shreya_vpc"
          ]
        }
      ]
    },
    {
      "module": "module.vpc",
      "mode": "managed",
      "type": "aws_vpc",
      "name": "shreya_vpc",
      "provider": "provider[\"registry.terraform.io/hashicorp/aws\"]",
      "instances": [
        {
          "schema_version": 1,
          "attributes": {
            "arn": "arn:aws:ec2:ap-northeast-2:326151034032:vpc/vpc-09a6571fd3af9c03d",
            "assign_generated_ipv6_cidr_block": false,
            "cidr_block": "10.0.0.0/16",
            "default_network_acl_id": "acl-00c1e14397891dd79",
            "default_route_table_id": "rtb-08ad9deaec9827b7e",
            "default_security_group_id": "sg-0b3cb5beb45b39376",
            "dhcp_options_id": "dopt-0252d8beb1ac19d6f",
            "enable_dns_hostnames": false,
            "enable_dns_support": true,
            "enable_network_address_usage_metrics": false,
            "id": "vpc-09a6571fd3af9c03d",
            "instance_tenancy": "default",
            "ipv4_ipam_pool_id": null,
            "ipv4_netmask_length": null,
            "ipv6_association_id": "",
            "ipv6_cidr_block": "",
            "ipv6_cidr_block_network_border_group": "",
            "ipv6_ipam_pool_id": "",
            "ipv6_netmask_length": 0,
            "main_route_table_id": "rtb-08ad9deaec9827b7e",
            "owner_id": "326151034032",
            "tags": {
              "Name": "MyVPC-shreya"
            },
            "tags_all": {
              "Name": "MyVPC-shreya"
            }
          },
          "sensitive_attributes": [],
          "private": "eyJzY2hlbWFfdmVyc2lvbiI6IjEifQ=="
        }
      ]
    }
  ],
  "check_results": null
}
